
Microsoft Visual Studio Solution File, Format Version 12.00
# Visual Studio Version 17
VisualStudioVersion = 17.3.32825.248
MinimumVisualStudioVersion = 10.0.40219.1
Project("{FAE04EC0-301F-11D3-BF4B-00C04F79EFBC}") = "ShowStudentInfo", "ShowStudentInfo.csproj", "{5E1A81DC-0E71-4C7B-9B60-F09664C9DCC2}"
EndProject
Global
	GlobalSection(SolutionConfigurationPlatforms) = preSolution
		Debug|Any CPU = Debug|Any CPU
		Release|Any CPU = Release|Any CPU
	EndGlobalSection
	GlobalSection(ProjectConfigurationPlatforms) = postSolution
		{5E1A81DC-0E71-4C7B-9B60-F09664C9DCC2}.Debug|Any CPU.ActiveCfg = Debug|Any CPU
		{5E1A81DC-0E71-4C7B-9B60-F09664C9DCC2}.Debug|Any CPU.Build.0 = Debug|Any CPU
		{5E1A81DC-0E71-4C7B-9B60-F09664C9DCC2}.Release|Any CPU.ActiveCfg = Release|Any CPU
		{5E1A81DC-0E71-4C7B-9B60-F09664C9DCC2}.Release|Any CPU.Build.0 = Release|Any CPU
	EndGlobalSection
	GlobalSection(SolutionProperties) = preSolution
		HideSolutionNode = FALSE
	EndGlobalSection
	GlobalSection(ExtensibilityGlobals) = postSolution
		SolutionGuid = {F14075C4-349A-465F-9247-CE5186F39B09}
	EndGlobalSection
EndGlobal
